
Microsoft Visual Studio Solution File, Format Version 12.00
# Visual Studio Version 16
VisualStudioVersion = 16.0.29911.84
MinimumVisualStudioVersion = 10.0.40219.1
Project("{FAE04EC0-301F-11D3-BF4B-00C04F79EFBC}") = "WindowsFormsApp1", "WindowsFormsApp1\WindowsFormsApp1.csproj", "{0798194A-257D-4483-A9D4-3EDE2A6B8624}"
EndProject
Global
	GlobalSection(SolutionConfigurationPlatforms) = preSolution
		Debug|Any CPU = Debug|Any CPU
		Release|Any CPU = Release|Any CPU
	EndGlobalSection
	GlobalSection(ProjectConfigurationPlatforms) = postSolution
		{0798194A-257D-4483-A9D4-3EDE2A6B8624}.Debug|Any CPU.ActiveCfg = Debug|Any CPU
		{0798194A-257D-4483-A9D4-3EDE2A6B8624}.Debug|Any CPU.Build.0 = Debug|Any CPU
		{0798194A-257D-4483-A9D4-3EDE2A6B8624}.Release|Any CPU.ActiveCfg = Release|Any CPU
		{0798194A-257D-4483-A9D4-3EDE2A6B8624}.Release|Any CPU.Build.0 = Release|Any CPU
	EndGlobalSection
	GlobalSection(SolutionProperties) = preSolution
		HideSolutionNode = FALSE
	EndGlobalSection
	GlobalSection(ExtensibilityGlobals) = postSolution
		SolutionGuid = {6C99BF47-763C-484F-A3B8-A77F84497455}
	EndGlobalSection
EndGlobal
